Microsoft Visual Studio Solution File, Format Version 12.00
# Visual Studio 2012
Project("{FAE04EC0-301F-11D3-BF4B-00C04F79EFBC}") = "Lucid Spiral", "Lucid Spiral.csproj", "{AAA5C4D0-107B-4F7F-953F-3FAE93C803BE}"
EndProject
Global
	GlobalSection(SolutionConfigurationPlatforms) = preSolution
	Debug|Any CPU = Debug|Any CPU
	ExportDebug|Any CPU = ExportDebug|Any CPU
	ExportRelease|Any CPU = ExportRelease|Any CPU
	EndGlobalSection
	GlobalSection(ProjectConfigurationPlatforms) = postSolution
		{AAA5C4D0-107B-4F7F-953F-3FAE93C803BE}.Debug|Any CPU.ActiveCfg = Debug|Any CPU
		{AAA5C4D0-107B-4F7F-953F-3FAE93C803BE}.Debug|Any CPU.Build.0 = Debug|Any CPU
		{AAA5C4D0-107B-4F7F-953F-3FAE93C803BE}.ExportDebug|Any CPU.ActiveCfg = ExportDebug|Any CPU
		{AAA5C4D0-107B-4F7F-953F-3FAE93C803BE}.ExportDebug|Any CPU.Build.0 = ExportDebug|Any CPU
		{AAA5C4D0-107B-4F7F-953F-3FAE93C803BE}.ExportRelease|Any CPU.ActiveCfg = ExportRelease|Any CPU
		{AAA5C4D0-107B-4F7F-953F-3FAE93C803BE}.ExportRelease|Any CPU.Build.0 = ExportRelease|Any CPU
	EndGlobalSection
EndGlobal
