Microsoft Visual Studio Solution File, Format Version 12.00
# Visual Studio 2012
Project("{FAE04EC0-301F-11D3-BF4B-00C04F79EFBC}") = "Lucid Spiral", "Lucid Spiral.csproj", "{DE9FA94E-70BF-4118-AFA1-BD66DF0A8304}"
EndProject
Global
	GlobalSection(SolutionConfigurationPlatforms) = preSolution
	Debug|Any CPU = Debug|Any CPU
	ExportDebug|Any CPU = ExportDebug|Any CPU
	ExportRelease|Any CPU = ExportRelease|Any CPU
	EndGlobalSection
	GlobalSection(ProjectConfigurationPlatforms) = postSolution
		{DE9FA94E-70BF-4118-AFA1-BD66DF0A8304}.Debug|Any CPU.ActiveCfg = Debug|Any CPU
		{DE9FA94E-70BF-4118-AFA1-BD66DF0A8304}.Debug|Any CPU.Build.0 = Debug|Any CPU
		{DE9FA94E-70BF-4118-AFA1-BD66DF0A8304}.ExportDebug|Any CPU.ActiveCfg = ExportDebug|Any CPU
		{DE9FA94E-70BF-4118-AFA1-BD66DF0A8304}.ExportDebug|Any CPU.Build.0 = ExportDebug|Any CPU
		{DE9FA94E-70BF-4118-AFA1-BD66DF0A8304}.ExportRelease|Any CPU.ActiveCfg = ExportRelease|Any CPU
		{DE9FA94E-70BF-4118-AFA1-BD66DF0A8304}.ExportRelease|Any CPU.Build.0 = ExportRelease|Any CPU
	EndGlobalSection
EndGlobal
